
Microsoft Visual Studio Solution File, Format Version 12.00
# Visual Studio 2013
VisualStudioVersion = 12.0.21005.1
MinimumVisualStudioVersion = 10.0.40219.1
Project("{8BC9CEB8-8B4A-11D0-8D11-00A0C91BC942}") = "quakerl", "quakerl.vcxproj", "{C2E9D8AD-02CD-420B-A434-AFA574CC559C}"
EndProject
Project("{8BC9CEB8-8B4A-11D0-8D11-00A0C91BC942}") = "seed", "..\..\..\..\seed\visual\vs2012\seed\seed.vcxproj", "{86AE299C-0A83-4BBF-9718-41E7D1F04071}"
EndProject
Global
	GlobalSection(SolutionConfigurationPlatforms) = preSolution
		Debug SDL|Win32 = Debug SDL|Win32
		Debug SDL2|Win32 = Debug SDL2|Win32
		Release SDL|Win32 = Release SDL|Win32
		Release SDL2|Win32 = Release SDL2|Win32
	EndGlobalSection
	GlobalSection(ProjectConfigurationPlatforms) = postSolution
		{C2E9D8AD-02CD-420B-A434-AFA574CC559C}.Debug SDL|Win32.ActiveCfg = Debug SDL2|Win32
		{C2E9D8AD-02CD-420B-A434-AFA574CC559C}.Debug SDL|Win32.Build.0 = Debug SDL2|Win32
		{C2E9D8AD-02CD-420B-A434-AFA574CC559C}.Debug SDL2|Win32.ActiveCfg = Debug SDL2|Win32
		{C2E9D8AD-02CD-420B-A434-AFA574CC559C}.Debug SDL2|Win32.Build.0 = Debug SDL2|Win32
		{C2E9D8AD-02CD-420B-A434-AFA574CC559C}.Release SDL|Win32.ActiveCfg = Release SDL2|Win32
		{C2E9D8AD-02CD-420B-A434-AFA574CC559C}.Release SDL|Win32.Build.0 = Release SDL2|Win32
		{C2E9D8AD-02CD-420B-A434-AFA574CC559C}.Release SDL2|Win32.ActiveCfg = Release SDL2|Win32
		{C2E9D8AD-02CD-420B-A434-AFA574CC559C}.Release SDL2|Win32.Build.0 = Release SDL2|Win32
		{86AE299C-0A83-4BBF-9718-41E7D1F04071}.Debug SDL|Win32.ActiveCfg = Debug SDL|Win32
		{86AE299C-0A83-4BBF-9718-41E7D1F04071}.Debug SDL|Win32.Build.0 = Debug SDL|Win32
		{86AE299C-0A83-4BBF-9718-41E7D1F04071}.Debug SDL2|Win32.ActiveCfg = Debug SDL2|Win32
		{86AE299C-0A83-4BBF-9718-41E7D1F04071}.Debug SDL2|Win32.Build.0 = Debug SDL2|Win32
		{86AE299C-0A83-4BBF-9718-41E7D1F04071}.Release SDL|Win32.ActiveCfg = Release SDL|Win32
		{86AE299C-0A83-4BBF-9718-41E7D1F04071}.Release SDL|Win32.Build.0 = Release SDL|Win32
		{86AE299C-0A83-4BBF-9718-41E7D1F04071}.Release SDL2|Win32.ActiveCfg = Release SDL2|Win32
		{86AE299C-0A83-4BBF-9718-41E7D1F04071}.Release SDL2|Win32.Build.0 = Release SDL2|Win32
	EndGlobalSection
	GlobalSection(SolutionProperties) = preSolution
		HideSolutionNode = FALSE
	EndGlobalSection
EndGlobal
