<?xml version="1.0" encoding="utf-8"?>
<Project ToolsVersion="4.0" xmlns="http://schemas.microsoft.com/developer/msbuild/2003">
  <ItemGroup>
    <Filter Include="Resource Files">
      <UniqueIdentifier>{67DA6AB6-F800-4c08-8B7A-83BB121AAD01}</UniqueIdentifier>
      <Extensions>rc;ico;cur;bmp;dlg;rc2;rct;bin;rgs;gif;jpg;jpeg;jpe;resx;tiff;tif;png;wav;mfcribbon-ms</Extensions>
    </Filter>
    <Filter Include="data">
      <UniqueIdentifier>{f9308dfc-7999-42b9-9541-2bf1ebb4458c}</UniqueIdentifier>
    </Filter>
    <Filter Include="states">
      <UniqueIdentifier>{21953a21-c6a4-49bb-b7a8-fc42f3cba409}</UniqueIdentifier>
    </Filter>
    <Filter Include="controller">
      <UniqueIdentifier>{e10a6ceb-cbee-404a-9ba3-66541c281a7c}</UniqueIdentifier>
    </Filter>
    <Filter Include="states\game">
      <UniqueIdentifier>{c75b7214-b81f-4a6a-8c8e-c8a2db153cae}</UniqueIdentifier>
    </Filter>
    <Filter Include="entity">
      <UniqueIdentifier>{78d5a92b-d545-4489-8966-d126d488246a}</UniqueIdentifier>
    </Filter>
    <Filter Include="manager">
      <UniqueIdentifier>{d26da137-2179-4766-90a8-13c0e0dde46a}</UniqueIdentifier>
    </Filter>
    <Filter Include="scene">
      <UniqueIdentifier>{9ddd051b-a75e-4632-ba0a-dc627850bea2}</UniqueIdentifier>
    </Filter>
    <Filter Include="util">
      <UniqueIdentifier>{abade7aa-37a8-4d56-b173-680c13737b3f}</UniqueIdentifier>
    </Filter>
  </ItemGroup>
  <ItemGroup>
    <ClCompile Include="..\..\..\source\gameflow.cpp" />
    <ClCompile Include="..\..\..\source\main.cpp" />
    <ClCompile Include="..\..\..\source\data\gamedata.cpp">
      <Filter>data</Filter>
    </ClCompile>
    <ClCompile Include="..\..\..\source\controller\cameracontroller.cpp">
      <Filter>controller</Filter>
    </ClCompile>
    <ClCompile Include="..\..\..\source\states\credits_state.cpp">
      <Filter>states</Filter>
    </ClCompile>
    <ClCompile Include="..\..\..\source\states\game_state.cpp">
      <Filter>states</Filter>
    </ClCompile>
    <ClCompile Include="..\..\..\source\states\gameover_state.cpp">
      <Filter>states</Filter>
    </ClCompile>
    <ClCompile Include="..\..\..\source\states\mainmenu_state.cpp">
      <Filter>states</Filter>
    </ClCompile>
    <ClCompile Include="..\..\..\source\states\options_state.cpp">
      <Filter>states</Filter>
    </ClCompile>
    <ClCompile Include="..\..\..\source\states\game\pause_state.cpp">
      <Filter>states\game</Filter>
    </ClCompile>
    <ClCompile Include="..\..\..\source\states\game\run_state.cpp">
      <Filter>states\game</Filter>
    </ClCompile>
    <ClCompile Include="..\..\..\source\entity\deathentity.cpp">
      <Filter>entity</Filter>
    </ClCompile>
    <ClCompile Include="..\..\..\source\entity\doorentity.cpp">
      <Filter>entity</Filter>
    </ClCompile>
    <ClCompile Include="..\..\..\source\entity\entity.cpp">
      <Filter>entity</Filter>
    </ClCompile>
    <ClCompile Include="..\..\..\source\entity\entityfactory.cpp">
      <Filter>entity</Filter>
    </ClCompile>
    <ClCompile Include="..\..\..\source\entity\heartentity.cpp">
      <Filter>entity</Filter>
    </ClCompile>
    <ClCompile Include="..\..\..\source\entity\itementity.cpp">
      <Filter>entity</Filter>
    </ClCompile>
    <ClCompile Include="..\..\..\source\entity\playerentity.cpp">
      <Filter>entity</Filter>
    </ClCompile>
    <ClCompile Include="..\..\..\source\entity\spriteentity.cpp">
      <Filter>entity</Filter>
    </ClCompile>
    <ClCompile Include="..\..\..\source\entity\teleportentity.cpp">
      <Filter>entity</Filter>
    </ClCompile>
    <ClCompile Include="..\..\..\source\entity\triggerentity.cpp">
      <Filter>entity</Filter>
    </ClCompile>
    <ClCompile Include="..\..\..\source\manager\guimanager.cpp">
      <Filter>manager</Filter>
    </ClCompile>
    <ClCompile Include="..\..\..\source\manager\physicsmanager.cpp">
      <Filter>manager</Filter>
    </ClCompile>
    <ClCompile Include="..\..\..\source\manager\soundmanager.cpp">
      <Filter>manager</Filter>
    </ClCompile>
    <ClCompile Include="..\..\..\source\manager\worldmanager.cpp">
      <Filter>manager</Filter>
    </ClCompile>
    <ClCompile Include="..\..\..\source\scene\gamescene.cpp">
      <Filter>scene</Filter>
    </ClCompile>
    <ClCompile Include="..\..\..\source\util\collisionsensor.cpp">
      <Filter>util</Filter>
    </ClCompile>
    <ClCompile Include="..\..\..\source\util\triggercounter.cpp">
      <Filter>util</Filter>
    </ClCompile>
    <ClCompile Include="..\..\..\source\entity\optimistplayerentity.cpp">
      <Filter>entity</Filter>
    </ClCompile>
    <ClCompile Include="..\..\..\source\entity\pessimistplayerentity.cpp">
      <Filter>entity</Filter>
    </ClCompile>
    <ClCompile Include="..\..\..\source\entity\realistplayerentity.cpp">
      <Filter>entity</Filter>
    </ClCompile>
    <ClCompile Include="..\..\..\source\entity\enemyentity.cpp">
      <Filter>entity</Filter>
    </ClCompile>
    <ClCompile Include="..\..\..\source\entity\goldentity.cpp">
      <Filter>entity</Filter>
    </ClCompile>
    <ClCompile Include="..\..\..\source\entity\healthpotionentity.cpp">
      <Filter>entity</Filter>
    </ClCompile>
    <ClCompile Include="..\..\..\source\entity\staminapotionentity.cpp">
      <Filter>entity</Filter>
    </ClCompile>
  </ItemGroup>
  <ItemGroup>
    <ClInclude Include="..\..\..\source\defines.h" />
    <ClInclude Include="..\..\..\source\gameflow.h" />
    <ClInclude Include="..\..\..\source\data\gamedata.h">
      <Filter>data</Filter>
    </ClInclude>
    <ClInclude Include="..\..\..\source\controller\cameracontroller.h">
      <Filter>controller</Filter>
    </ClInclude>
    <ClInclude Include="..\..\..\source\states\credits_state.h">
      <Filter>states</Filter>
    </ClInclude>
    <ClInclude Include="..\..\..\source\states\game_state.h">
      <Filter>states</Filter>
    </ClInclude>
    <ClInclude Include="..\..\..\source\states\gameover_state.h">
      <Filter>states</Filter>
    </ClInclude>
    <ClInclude Include="..\..\..\source\states\mainmenu_state.h">
      <Filter>states</Filter>
    </ClInclude>
    <ClInclude Include="..\..\..\source\states\options_state.h">
      <Filter>states</Filter>
    </ClInclude>
    <ClInclude Include="..\..\..\source\states\game\pause_state.h">
      <Filter>states\game</Filter>
    </ClInclude>
    <ClInclude Include="..\..\..\source\states\game\run_state.h">
      <Filter>states\game</Filter>
    </ClInclude>
    <ClInclude Include="..\..\..\source\entity\deathentity.h">
      <Filter>entity</Filter>
    </ClInclude>
    <ClInclude Include="..\..\..\source\entity\doorentity.h">
      <Filter>entity</Filter>
    </ClInclude>
    <ClInclude Include="..\..\..\source\entity\entity.h">
      <Filter>entity</Filter>
    </ClInclude>
    <ClInclude Include="..\..\..\source\entity\entityfactory.h">
      <Filter>entity</Filter>
    </ClInclude>
    <ClInclude Include="..\..\..\source\entity\heartentity.h">
      <Filter>entity</Filter>
    </ClInclude>
    <ClInclude Include="..\..\..\source\entity\itementity.h">
      <Filter>entity</Filter>
    </ClInclude>
    <ClInclude Include="..\..\..\source\entity\playerentity.h">
      <Filter>entity</Filter>
    </ClInclude>
    <ClInclude Include="..\..\..\source\entity\spriteentity.h">
      <Filter>entity</Filter>
    </ClInclude>
    <ClInclude Include="..\..\..\source\entity\teleportentity.h">
      <Filter>entity</Filter>
    </ClInclude>
    <ClInclude Include="..\..\..\source\entity\triggerentity.h">
      <Filter>entity</Filter>
    </ClInclude>
    <ClInclude Include="..\..\..\source\manager\guimanager.h">
      <Filter>manager</Filter>
    </ClInclude>
    <ClInclude Include="..\..\..\source\manager\physicsmanager.h">
      <Filter>manager</Filter>
    </ClInclude>
    <ClInclude Include="..\..\..\source\manager\soundmanager.h">
      <Filter>manager</Filter>
    </ClInclude>
    <ClInclude Include="..\..\..\source\manager\worldmanager.h">
      <Filter>manager</Filter>
    </ClInclude>
    <ClInclude Include="..\..\..\source\scene\gamescene.h">
      <Filter>scene</Filter>
    </ClInclude>
    <ClInclude Include="..\..\..\source\util\collisionsensor.h">
      <Filter>util</Filter>
    </ClInclude>
    <ClInclude Include="..\..\..\source\util\sounds.h">
      <Filter>util</Filter>
    </ClInclude>
    <ClInclude Include="..\..\..\source\util\triggercounter.h">
      <Filter>util</Filter>
    </ClInclude>
    <ClInclude Include="..\..\..\source\entity\optimistplayerentity.h">
      <Filter>entity</Filter>
    </ClInclude>
    <ClInclude Include="..\..\..\source\entity\pessimistplayerentity.h">
      <Filter>entity</Filter>
    </ClInclude>
    <ClInclude Include="..\..\..\source\entity\realistplayerentity.h">
      <Filter>entity</Filter>
    </ClInclude>
    <ClInclude Include="..\..\..\source\entity\enemyentity.h">
      <Filter>entity</Filter>
    </ClInclude>
    <ClInclude Include="..\..\..\source\entity\goldentity.h">
      <Filter>entity</Filter>
    </ClInclude>
    <ClInclude Include="..\..\..\source\entity\healthpotionentity.h">
      <Filter>entity</Filter>
    </ClInclude>
    <ClInclude Include="..\..\..\source\entity\staminapotionentity.h">
      <Filter>entity</Filter>
    </ClInclude>
  </ItemGroup>
</Project>